
Microsoft Visual Studio Solution File, Format Version 12.00
# Visual Studio Version 17
VisualStudioVersion = 17.7.34221.43
MinimumVisualStudioVersion = 10.0.40219.1
Project("{FAE04EC0-301F-11D3-BF4B-00C04F79EFBC}") = "ViewState", "ViewState\ViewState.csproj", "{084CAB68-7266-4341-B24D-96BBBA63CE16}"
EndProject
Global
	GlobalSection(SolutionConfigurationPlatforms) = preSolution
		Debug|Any CPU = Debug|Any CPU
		Release|Any CPU = Release|Any CPU
	EndGlobalSection
	GlobalSection(ProjectConfigurationPlatforms) = postSolution
		{084CAB68-7266-4341-B24D-96BBBA63CE16}.Debug|Any CPU.ActiveCfg = Debug|Any CPU
		{084CAB68-7266-4341-B24D-96BBBA63CE16}.Debug|Any CPU.Build.0 = Debug|Any CPU
		{084CAB68-7266-4341-B24D-96BBBA63CE16}.Release|Any CPU.ActiveCfg = Release|Any CPU
		{084CAB68-7266-4341-B24D-96BBBA63CE16}.Release|Any CPU.Build.0 = Release|Any CPU
	EndGlobalSection
	GlobalSection(SolutionProperties) = preSolution
		HideSolutionNode = FALSE
	EndGlobalSection
	GlobalSection(ExtensibilityGlobals) = postSolution
		SolutionGuid = {C2313E74-A476-455E-965B-8C4ACF8204C8}
	EndGlobalSection
EndGlobal
